
Microsoft Visual Studio Solution File, Format Version 12.00
# Visual Studio 14
VisualStudioVersion = 14.0.24720.0
MinimumVisualStudioVersion = 10.0.40219.1
Project("{FAE04EC0-301F-11D3-BF4B-00C04F79EFBC}") = "weightScaleService", "weightScaleService\weightScaleService.csproj", "{3AD19D3B-9A09-4972-8B29-86481C3532D4}"
EndProject
Project("{54435603-DBB4-11D2-8724-00A0C9A8B90C}") = "Windows Scale Service Setup", "Windows Scale Service Installer\Windows Scale Service Installer.vdproj", "{A9400986-976A-4C9F-B167-88514BAC5C19}"
EndProject
Project("{FAE04EC0-301F-11D3-BF4B-00C04F79EFBC}") = "ScaleMonitor", "ScaleMonitor\ScaleMonitor.csproj", "{9BE41B89-235C-4270-8B7F-FF20F6BDB472}"
EndProject
Global
	GlobalSection(SolutionConfigurationPlatforms) = preSolution
		Debug|Any CPU = Debug|Any CPU
		Debug|Default = Debug|Default
		Release|Any CPU = Release|Any CPU
		Release|Default = Release|Default
	EndGlobalSection
	GlobalSection(ProjectConfigurationPlatforms) = postSolution
		{3AD19D3B-9A09-4972-8B29-86481C3532D4}.Debug|Any CPU.ActiveCfg = Debug|Any CPU
		{3AD19D3B-9A09-4972-8B29-86481C3532D4}.Debug|Any CPU.Build.0 = Debug|Any CPU
		{3AD19D3B-9A09-4972-8B29-86481C3532D4}.Debug|Default.ActiveCfg = Debug|Any CPU
		{3AD19D3B-9A09-4972-8B29-86481C3532D4}.Debug|Default.Build.0 = Debug|Any CPU
		{3AD19D3B-9A09-4972-8B29-86481C3532D4}.Release|Any CPU.ActiveCfg = Release|Any CPU
		{3AD19D3B-9A09-4972-8B29-86481C3532D4}.Release|Any CPU.Build.0 = Release|Any CPU
		{3AD19D3B-9A09-4972-8B29-86481C3532D4}.Release|Default.ActiveCfg = Release|Any CPU
		{3AD19D3B-9A09-4972-8B29-86481C3532D4}.Release|Default.Build.0 = Release|Any CPU
		{A9400986-976A-4C9F-B167-88514BAC5C19}.Debug|Any CPU.ActiveCfg = Debug
		{A9400986-976A-4C9F-B167-88514BAC5C19}.Debug|Default.ActiveCfg = Debug
		{A9400986-976A-4C9F-B167-88514BAC5C19}.Debug|Default.Build.0 = Debug
		{A9400986-976A-4C9F-B167-88514BAC5C19}.Release|Any CPU.ActiveCfg = Release
		{A9400986-976A-4C9F-B167-88514BAC5C19}.Release|Any CPU.Build.0 = Release
		{A9400986-976A-4C9F-B167-88514BAC5C19}.Release|Default.ActiveCfg = Release
		{A9400986-976A-4C9F-B167-88514BAC5C19}.Release|Default.Build.0 = Release
		{9BE41B89-235C-4270-8B7F-FF20F6BDB472}.Debug|Any CPU.ActiveCfg = Debug|Any CPU
		{9BE41B89-235C-4270-8B7F-FF20F6BDB472}.Debug|Any CPU.Build.0 = Debug|Any CPU
		{9BE41B89-235C-4270-8B7F-FF20F6BDB472}.Debug|Default.ActiveCfg = Debug|Any CPU
		{9BE41B89-235C-4270-8B7F-FF20F6BDB472}.Release|Any CPU.ActiveCfg = Debug|Any CPU
		{9BE41B89-235C-4270-8B7F-FF20F6BDB472}.Release|Default.ActiveCfg = Debug|Any CPU
	EndGlobalSection
	GlobalSection(SolutionProperties) = preSolution
		HideSolutionNode = FALSE
	EndGlobalSection
	GlobalSection(SolutionConfigurationPlatforms) = preSolution
		Debug|Any CPU = Debug|Any CPU
		Debug|Default = Debug|Default
		Release|Any CPU = Release|Any CPU
		Release|Default = Release|Default
	EndGlobalSection
	GlobalSection(SolutionConfigurationPlatforms) = preSolution
		Debug|Any CPU = Debug|Any CPU
		Debug|Default = Debug|Default
		Release|Any CPU = Release|Any CPU
		Release|Default = Release|Default
	EndGlobalSection
EndGlobal
