
Microsoft Visual Studio Solution File, Format Version 12.00
# Visual Studio 14
VisualStudioVersion = 14.0.24720.0
MinimumVisualStudioVersion = 10.0.40219.1
Project("{FAE04EC0-301F-11D3-BF4B-00C04F79EFBC}") = "ScaleService", "Scale_Service\ScaleService.csproj", "{3AD19D3B-9A09-4972-8B29-86481C3532D4}"
EndProject
Project("{FAE04EC0-301F-11D3-BF4B-00C04F79EFBC}") = "ScaleMonitor", "ScaleMonitor\ScaleMonitor.csproj", "{9BE41B89-235C-4270-8B7F-FF20F6BDB472}"
EndProject
Project("{54435603-DBB4-11D2-8724-00A0C9A8B90C}") = "Device Monitor installer", "Device Monitor installer\Device Monitor installer.vdproj", "{12349264-069E-4B8E-A597-2E3C209563D0}"
EndProject
Global
	GlobalSection(SolutionConfigurationPlatforms) = preSolution
		Debug|Any CPU = Debug|Any CPU
		Release|Any CPU = Release|Any CPU
	EndGlobalSection
	GlobalSection(ProjectConfigurationPlatforms) = postSolution
		{3AD19D3B-9A09-4972-8B29-86481C3532D4}.Debug|Any CPU.ActiveCfg = Debug|Any CPU
		{3AD19D3B-9A09-4972-8B29-86481C3532D4}.Debug|Any CPU.Build.0 = Debug|Any CPU
		{3AD19D3B-9A09-4972-8B29-86481C3532D4}.Release|Any CPU.ActiveCfg = Release|Any CPU
		{3AD19D3B-9A09-4972-8B29-86481C3532D4}.Release|Any CPU.Build.0 = Release|Any CPU
		{9BE41B89-235C-4270-8B7F-FF20F6BDB472}.Debug|Any CPU.ActiveCfg = Debug|Any CPU
		{9BE41B89-235C-4270-8B7F-FF20F6BDB472}.Debug|Any CPU.Build.0 = Debug|Any CPU
		{9BE41B89-235C-4270-8B7F-FF20F6BDB472}.Release|Any CPU.ActiveCfg = Release|Any CPU
		{9BE41B89-235C-4270-8B7F-FF20F6BDB472}.Release|Any CPU.Build.0 = Release|Any CPU
		{12349264-069E-4B8E-A597-2E3C209563D0}.Debug|Any CPU.ActiveCfg = Debug
		{12349264-069E-4B8E-A597-2E3C209563D0}.Release|Any CPU.ActiveCfg = Release
		{12349264-069E-4B8E-A597-2E3C209563D0}.Release|Any CPU.Build.0 = Release
	EndGlobalSection
	GlobalSection(SolutionProperties) = preSolution
		HideSolutionNode = FALSE
	EndGlobalSection
EndGlobal
